
Microsoft Visual Studio Solution File, Format Version 12.00
# Visual Studio Version 17
VisualStudioVersion = 17.1.32319.34
MinimumVisualStudioVersion = 10.0.40219.1
Project("{9A19103F-16F7-4668-BE54-9A1E7A4F7556}") = "CqrsPipeline", "CqrsPipeline\CqrsPipeline.csproj", "{25771E8E-E21F-4AEE-A0DE-1E242EFCB046}"
EndProject
Project("{9A19103F-16F7-4668-BE54-9A1E7A4F7556}") = "CqrsPipeline.DependencyInjection", "CqrsPipeline.DependencyInjection\CqrsPipeline.DependencyInjection.csproj", "{51AF7E1B-D36E-47BE-A588-5D0BE4A59949}"
EndProject
Project("{9A19103F-16F7-4668-BE54-9A1E7A4F7556}") = "CqrsPipeline.DataAccess", "CqrsPipeline.DataAccess\CqrsPipeline.DataAccess.csproj", "{5A8EB451-9B98-4982-91BF-0EB0D6005DA3}"
EndProject
Project("{9A19103F-16F7-4668-BE54-9A1E7A4F7556}") = "CqrsPipeline.DataAccess.EntityFramework.SqlServer", "CqrsPipeline.DataAccess.EntityFramework.SqlServer\CqrsPipeline.DataAccess.EntityFramework.SqlServer.csproj", "{B06219EB-2BE3-4CCA-B1A4-8846F6A2DD2E}"
EndProject
Project("{9A19103F-16F7-4668-BE54-9A1E7A4F7556}") = "CqrsPipeline.DataAccess.EntityFramework", "CqrsPipeline.DataAccess.EntityFramework\CqrsPipeline.DataAccess.EntityFramework.csproj", "{26BCD288-8048-436B-A9B4-BAF87A7EE0A7}"
EndProject
Project("{9A19103F-16F7-4668-BE54-9A1E7A4F7556}") = "CqrsPipeline.Dsl", "CqrsPipeline.Dsl\CqrsPipeline.Dsl.csproj", "{88B92295-426A-40DB-AAC5-11440284D687}"
EndProject
Project("{FAE04EC0-301F-11D3-BF4B-00C04F79EFBC}") = "test", "test\test.csproj", "{140CAA46-537B-4DAB-97EA-0E77B179E3F1}"
EndProject
Global
	GlobalSection(SolutionConfigurationPlatforms) = preSolution
		Debug|Any CPU = Debug|Any CPU
		Release|Any CPU = Release|Any CPU
	EndGlobalSection
	GlobalSection(ProjectConfigurationPlatforms) = postSolution
		{25771E8E-E21F-4AEE-A0DE-1E242EFCB046}.Debug|Any CPU.ActiveCfg = Debug|Any CPU
		{25771E8E-E21F-4AEE-A0DE-1E242EFCB046}.Debug|Any CPU.Build.0 = Debug|Any CPU
		{25771E8E-E21F-4AEE-A0DE-1E242EFCB046}.Release|Any CPU.ActiveCfg = Release|Any CPU
		{25771E8E-E21F-4AEE-A0DE-1E242EFCB046}.Release|Any CPU.Build.0 = Release|Any CPU
		{51AF7E1B-D36E-47BE-A588-5D0BE4A59949}.Debug|Any CPU.ActiveCfg = Debug|Any CPU
		{51AF7E1B-D36E-47BE-A588-5D0BE4A59949}.Debug|Any CPU.Build.0 = Debug|Any CPU
		{51AF7E1B-D36E-47BE-A588-5D0BE4A59949}.Release|Any CPU.ActiveCfg = Release|Any CPU
		{51AF7E1B-D36E-47BE-A588-5D0BE4A59949}.Release|Any CPU.Build.0 = Release|Any CPU
		{5A8EB451-9B98-4982-91BF-0EB0D6005DA3}.Debug|Any CPU.ActiveCfg = Debug|Any CPU
		{5A8EB451-9B98-4982-91BF-0EB0D6005DA3}.Debug|Any CPU.Build.0 = Debug|Any CPU
		{5A8EB451-9B98-4982-91BF-0EB0D6005DA3}.Release|Any CPU.ActiveCfg = Release|Any CPU
		{5A8EB451-9B98-4982-91BF-0EB0D6005DA3}.Release|Any CPU.Build.0 = Release|Any CPU
		{B06219EB-2BE3-4CCA-B1A4-8846F6A2DD2E}.Debug|Any CPU.ActiveCfg = Debug|Any CPU
		{B06219EB-2BE3-4CCA-B1A4-8846F6A2DD2E}.Debug|Any CPU.Build.0 = Debug|Any CPU
		{B06219EB-2BE3-4CCA-B1A4-8846F6A2DD2E}.Release|Any CPU.ActiveCfg = Release|Any CPU
		{B06219EB-2BE3-4CCA-B1A4-8846F6A2DD2E}.Release|Any CPU.Build.0 = Release|Any CPU
		{26BCD288-8048-436B-A9B4-BAF87A7EE0A7}.Debug|Any CPU.ActiveCfg = Debug|Any CPU
		{26BCD288-8048-436B-A9B4-BAF87A7EE0A7}.Debug|Any CPU.Build.0 = Debug|Any CPU
		{26BCD288-8048-436B-A9B4-BAF87A7EE0A7}.Release|Any CPU.ActiveCfg = Release|Any CPU
		{26BCD288-8048-436B-A9B4-BAF87A7EE0A7}.Release|Any CPU.Build.0 = Release|Any CPU
		{88B92295-426A-40DB-AAC5-11440284D687}.Debug|Any CPU.ActiveCfg = Debug|Any CPU
		{88B92295-426A-40DB-AAC5-11440284D687}.Debug|Any CPU.Build.0 = Debug|Any CPU
		{88B92295-426A-40DB-AAC5-11440284D687}.Release|Any CPU.ActiveCfg = Release|Any CPU
		{88B92295-426A-40DB-AAC5-11440284D687}.Release|Any CPU.Build.0 = Release|Any CPU
		{140CAA46-537B-4DAB-97EA-0E77B179E3F1}.Debug|Any CPU.ActiveCfg = Debug|Any CPU
		{140CAA46-537B-4DAB-97EA-0E77B179E3F1}.Debug|Any CPU.Build.0 = Debug|Any CPU
		{140CAA46-537B-4DAB-97EA-0E77B179E3F1}.Release|Any CPU.ActiveCfg = Release|Any CPU
		{140CAA46-537B-4DAB-97EA-0E77B179E3F1}.Release|Any CPU.Build.0 = Release|Any CPU
	EndGlobalSection
	GlobalSection(SolutionProperties) = preSolution
		HideSolutionNode = FALSE
	EndGlobalSection
	GlobalSection(ExtensibilityGlobals) = postSolution
		SolutionGuid = {18522568-D51A-446B-9254-37D6F84E4C32}
	EndGlobalSection
EndGlobal
